
Microsoft Visual Studio Solution File, Format Version 12.00
# Visual Studio Version 16
VisualStudioVersion = 16.0.29911.84
MinimumVisualStudioVersion = 10.0.40219.1
Project("{FAE04EC0-301F-11D3-BF4B-00C04F79EFBC}") = "INICreator", "INICreator\INICreator.csproj", "{EC78BC87-6B25-4DFC-A303-691E15B60B34}"
EndProject
Global
	GlobalSection(SolutionConfigurationPlatforms) = preSolution
		Debug|Any CPU = Debug|Any CPU
		Release|Any CPU = Release|Any CPU
	EndGlobalSection
	GlobalSection(ProjectConfigurationPlatforms) = postSolution
		{EC78BC87-6B25-4DFC-A303-691E15B60B34}.Debug|Any CPU.ActiveCfg = Debug|Any CPU
		{EC78BC87-6B25-4DFC-A303-691E15B60B34}.Debug|Any CPU.Build.0 = Debug|Any CPU
		{EC78BC87-6B25-4DFC-A303-691E15B60B34}.Release|Any CPU.ActiveCfg = Release|Any CPU
		{EC78BC87-6B25-4DFC-A303-691E15B60B34}.Release|Any CPU.Build.0 = Release|Any CPU
	EndGlobalSection
	GlobalSection(SolutionProperties) = preSolution
		HideSolutionNode = FALSE
	EndGlobalSection
	GlobalSection(ExtensibilityGlobals) = postSolution
		SolutionGuid = {785F3535-18CB-4E7F-99B4-FDA35CCAEBF9}
	EndGlobalSection
EndGlobal
